
Microsoft Visual Studio Solution File, Format Version 12.00
# Visual Studio Version 17
VisualStudioVersion = 17.7.34024.191
MinimumVisualStudioVersion = 10.0.40219.1
Project("{9A19103F-16F7-4668-BE54-9A1E7A4F7556}") = "HymnModels", "HymnModels\HymnModels.csproj", "{BC1B0929-4724-4715-8EB3-13E72DAABF97}"
EndProject
Project("{9A19103F-16F7-4668-BE54-9A1E7A4F7556}") = "HymnBusinessAPI", "HymnBusinessAPI\HymnBusinessAPI.csproj", "{4DE5583E-D6CA-43A9-9D9E-EF4C75104210}"
EndProject
Project("{FAE04EC0-301F-11D3-BF4B-00C04F79EFBC}") = "HymnBusiness", "HymnBusiness\HymnBusiness.csproj", "{B9B8773A-2557-4D93-881E-F886E735C4AF}"
EndProject
Project("{FAE04EC0-301F-11D3-BF4B-00C04F79EFBC}") = "ContractDataBusiness", "ContractDataBusiness\ContractDataBusiness.csproj", "{92E5EF2A-D4BE-492C-A782-0840BA34D31B}"
EndProject
Project("{FAE04EC0-301F-11D3-BF4B-00C04F79EFBC}") = "ContractBusinessAPI", "ContractBusinessAPI\ContractBusinessAPI.csproj", "{3130B384-57FD-42D0-83BC-9972AC9BD036}"
EndProject
Global
	GlobalSection(SolutionConfigurationPlatforms) = preSolution
		Debug|Any CPU = Debug|Any CPU
		Release|Any CPU = Release|Any CPU
	EndGlobalSection
	GlobalSection(ProjectConfigurationPlatforms) = postSolution
		{BC1B0929-4724-4715-8EB3-13E72DAABF97}.Debug|Any CPU.ActiveCfg = Debug|Any CPU
		{BC1B0929-4724-4715-8EB3-13E72DAABF97}.Debug|Any CPU.Build.0 = Debug|Any CPU
		{BC1B0929-4724-4715-8EB3-13E72DAABF97}.Release|Any CPU.ActiveCfg = Release|Any CPU
		{BC1B0929-4724-4715-8EB3-13E72DAABF97}.Release|Any CPU.Build.0 = Release|Any CPU
		{4DE5583E-D6CA-43A9-9D9E-EF4C75104210}.Debug|Any CPU.ActiveCfg = Debug|Any CPU
		{4DE5583E-D6CA-43A9-9D9E-EF4C75104210}.Debug|Any CPU.Build.0 = Debug|Any CPU
		{4DE5583E-D6CA-43A9-9D9E-EF4C75104210}.Release|Any CPU.ActiveCfg = Release|Any CPU
		{4DE5583E-D6CA-43A9-9D9E-EF4C75104210}.Release|Any CPU.Build.0 = Release|Any CPU
		{B9B8773A-2557-4D93-881E-F886E735C4AF}.Debug|Any CPU.ActiveCfg = Debug|Any CPU
		{B9B8773A-2557-4D93-881E-F886E735C4AF}.Debug|Any CPU.Build.0 = Debug|Any CPU
		{B9B8773A-2557-4D93-881E-F886E735C4AF}.Release|Any CPU.ActiveCfg = Release|Any CPU
		{B9B8773A-2557-4D93-881E-F886E735C4AF}.Release|Any CPU.Build.0 = Release|Any CPU
		{92E5EF2A-D4BE-492C-A782-0840BA34D31B}.Debug|Any CPU.ActiveCfg = Debug|Any CPU
		{92E5EF2A-D4BE-492C-A782-0840BA34D31B}.Debug|Any CPU.Build.0 = Debug|Any CPU
		{92E5EF2A-D4BE-492C-A782-0840BA34D31B}.Release|Any CPU.ActiveCfg = Release|Any CPU
		{92E5EF2A-D4BE-492C-A782-0840BA34D31B}.Release|Any CPU.Build.0 = Release|Any CPU
		{3130B384-57FD-42D0-83BC-9972AC9BD036}.Debug|Any CPU.ActiveCfg = Debug|Any CPU
		{3130B384-57FD-42D0-83BC-9972AC9BD036}.Debug|Any CPU.Build.0 = Debug|Any CPU
		{3130B384-57FD-42D0-83BC-9972AC9BD036}.Release|Any CPU.ActiveCfg = Release|Any CPU
		{3130B384-57FD-42D0-83BC-9972AC9BD036}.Release|Any CPU.Build.0 = Release|Any CPU
	EndGlobalSection
	GlobalSection(SolutionProperties) = preSolution
		HideSolutionNode = FALSE
	EndGlobalSection
	GlobalSection(ExtensibilityGlobals) = postSolution
		SolutionGuid = {0E9F6BD9-0B7C-40CD-B37D-27D5A7367DB1}
	EndGlobalSection
EndGlobal
